
Microsoft Visual Studio Solution File, Format Version 12.00
# Visual Studio Version 16
VisualStudioVersion = 16.0.32407.337
MinimumVisualStudioVersion = 10.0.40219.1
Project("{FAE04EC0-301F-11D3-BF4B-00C04F79EFBC}") = "elementos repetidos em um array", "elementos repetidos em um array.csproj", "{EDCC948D-5D67-4C8C-9775-308F634FF35F}"
EndProject
Global
	GlobalSection(SolutionConfigurationPlatforms) = preSolution
		Debug|Any CPU = Debug|Any CPU
		Release|Any CPU = Release|Any CPU
	EndGlobalSection
	GlobalSection(ProjectConfigurationPlatforms) = postSolution
		{EDCC948D-5D67-4C8C-9775-308F634FF35F}.Debug|Any CPU.ActiveCfg = Debug|Any CPU
		{EDCC948D-5D67-4C8C-9775-308F634FF35F}.Debug|Any CPU.Build.0 = Debug|Any CPU
		{EDCC948D-5D67-4C8C-9775-308F634FF35F}.Release|Any CPU.ActiveCfg = Release|Any CPU
		{EDCC948D-5D67-4C8C-9775-308F634FF35F}.Release|Any CPU.Build.0 = Release|Any CPU
	EndGlobalSection
	GlobalSection(SolutionProperties) = preSolution
		HideSolutionNode = FALSE
	EndGlobalSection
	GlobalSection(ExtensibilityGlobals) = postSolution
		SolutionGuid = {F09B30A8-A590-4164-982F-D6ADCCD142A0}
	EndGlobalSection
EndGlobal
